
Microsoft Visual Studio Solution File, Format Version 12.00
# Visual Studio Version 16
VisualStudioVersion = 16.0.30717.126
MinimumVisualStudioVersion = 10.0.40219.1
Project("{9A19103F-16F7-4668-BE54-9A1E7A4F7556}") = "Challenge", "Challenge.csproj", "{0C5E7210-9387-4652-AC5A-C86693731FD7}"
EndProject
Global
	GlobalSection(SolutionConfigurationPlatforms) = preSolution
		Debug|Any CPU = Debug|Any CPU
		Release|Any CPU = Release|Any CPU
	EndGlobalSection
	GlobalSection(ProjectConfigurationPlatforms) = postSolution
		{0C5E7210-9387-4652-AC5A-C86693731FD7}.Debug|Any CPU.ActiveCfg = Debug|Any CPU
		{0C5E7210-9387-4652-AC5A-C86693731FD7}.Debug|Any CPU.Build.0 = Debug|Any CPU
		{0C5E7210-9387-4652-AC5A-C86693731FD7}.Release|Any CPU.ActiveCfg = Release|Any CPU
		{0C5E7210-9387-4652-AC5A-C86693731FD7}.Release|Any CPU.Build.0 = Release|Any CPU
	EndGlobalSection
	GlobalSection(SolutionProperties) = preSolution
		HideSolutionNode = FALSE
	EndGlobalSection
	GlobalSection(ExtensibilityGlobals) = postSolution
		SolutionGuid = {6422F169-615C-47A0-AA23-B510152320FB}
	EndGlobalSection
EndGlobal
